// !$*UTF8*$!
{
	archiveVersion = 1;
	classes = {
	};
	objectVersion = 46;
	objects = {

/* Begin PBXBuildFile section */
		846EB1561E7257F4001A529F /* SortedLabList.cpp in Sources */ = {isa = PBXBuildFile; fileRef = 846EB1551E7257F4001A529F /* SortedLabList.cpp */; };
		846EB1591E725855001A529F /* LabListP.cpp in Sources */ = {isa = PBXBuildFile; fileRef = 846EB1581E725855001A529F /* LabListP.cpp */; };
		846EB15C1E726F92001A529F /* LabListMain.cpp in Sources */ = {isa = PBXBuildFile; fileRef = 846EB15B1E726F92001A529F /* LabListMain.cpp */; };
/* End PBXBuildFile section */

/* Begin PBXCopyFilesBuildPhase section */
		846EB13F1E7256DF001A529F /* CopyFiles */ = {
			isa = PBXCopyFilesBuildPhase;
			buildActionMask = 2147483647;
			dstPath = /usr/share/man/man1/;
			dstSubfolderSpec = 0;
			files = (
			);
			runOnlyForDeploymentPostprocessing = 1;
		};
/* End PBXCopyFilesBuildPhase section */

/* Begin PBXFileReference section */
		846EB1411E7256DF001A529F /* Homework7 */ = {isa = PBXFileReference; explicitFileType = "compiled.mach-o.executable"; includeInIndex = 0; path = Homework7; sourceTree = BUILT_PRODUCTS_DIR; };
		846EB1551E7257F4001A529F /* SortedLabList.cpp */ = {isa = PBXFileReference; fileEncoding = 4; lastKnownFileType = sourcecode.cpp.cpp; path = SortedLabList.cpp; sourceTree = "<group>"; };
		846EB1571E725802001A529F /* SortedLabList.h */ = {isa = PBXFileReference; lastKnownFileType = sourcecode.c.h; path = SortedLabList.h; sourceTree = "<group>"; };
		846EB1581E725855001A529F /* LabListP.cpp */ = {isa = PBXFileReference; fileEncoding = 4; lastKnownFileType = sourcecode.cpp.cpp; path = LabListP.cpp; sourceTree = "<group>"; };
		846EB15A1E725859001A529F /* LabListP.h */ = {isa = PBXFileReference; lastKnownFileType = sourcecode.c.h; path = LabListP.h; sourceTree = "<group>"; };
		846EB15B1E726F92001A529F /* LabListMain.cpp */ = {isa = PBXFileReference; fileEncoding = 4; lastKnownFileType = sourcecode.cpp.cpp; path = LabListMain.cpp; sourceTree = "<group>"; };
/* End PBXFileReference section */

/* Begin PBXFrameworksBuildPhase section */
		846EB13E1E7256DF001A529F /* Frameworks */ = {
			isa = PBXFrameworksBuildPhase;
			buildActionMask = 2147483647;
			files = (
			);
			runOnlyForDeploymentPostprocessing = 0;
		};
/* End PBXFrameworksBuildPhase section */

/* Begin PBXGroup section */
		846EB1381E7256DF001A529F = {
			isa = PBXGroup;
			children = (
				846EB1431E7256DF001A529F /* Homework7 */,
				846EB1421E7256DF001A529F /* Products */,
			);
			sourceTree = "<group>";
		};
		846EB1421E7256DF001A529F /* Products */ = {
			isa = PBXGroup;
			children = (
				846EB1411E7256DF001A529F /* Homework7 */,
			);
			name = Products;
			sourceTree = "<group>";
		};
		846EB1431E7256DF001A529F /* Homework7 */ = {
			isa = PBXGroup;
			children = (
				846EB15B1E726F92001A529F /* LabListMain.cpp */,
				846EB1551E7257F4001A529F /* SortedLabList.cpp */,
				846EB1571E725802001A529F /* SortedLabList.h */,
				846EB1581E725855001A529F /* LabListP.cpp */,
				846EB15A1E725859001A529F /* LabListP.h */,
			);
			path = Homework7;
			sourceTree = "<group>";
		};
/* End PBXGroup section */

/* Begin PBXNativeTarget section */
		846EB1401E7256DF001A529F /* Homework7 */ = {
			isa = PBXNativeTarget;
			buildConfigurationList = 846EB1481E7256DF001A529F /* Build configuration list for PBXNativeTarget "Homework7" */;
			buildPhases = (
				846EB13D1E7256DF001A529F /* Sources */,
				846EB13E1E7256DF001A529F /* Frameworks */,
				846EB13F1E7256DF001A529F /* CopyFiles */,
			);
			buildRules = (
			);
			dependencies = (
			);
			name = Homework7;
			productName = Homework7;
			productReference = 846EB1411E7256DF001A529F /* Homework7 */;
			productType = "com.apple.product-type.tool";
		};
/* End PBXNativeTarget section */

/* Begin PBXProject section */
		846EB1391E7256DF001A529F /* Project object */ = {
			isa = PBXProject;
			attributes = {
				LastUpgradeCheck = 0820;
				ORGANIZATIONNAME = "Remillard Tech";
				TargetAttributes = {
					846EB1401E7256DF001A529F = {
						CreatedOnToolsVersion = 8.2.1;
						ProvisioningStyle = Automatic;
					};
				};
			};
			buildConfigurationList = 846EB13C1E7256DF001A529F /* Build configuration list for PBXProject "Homework7" */;
			compatibilityVersion = "Xcode 3.2";
			developmentRegion = English;
			hasScannedForEncodings = 0;
			knownRegions = (
				en,
			);
			mainGroup = 846EB1381E7256DF001A529F;
			productRefGroup = 846EB1421E7256DF001A529F /* Products */;
			projectDirPath = "";
			projectRoot = "";
			targets = (
				846EB1401E7256DF001A529F /* Homework7 */,
			);
		};
/* End PBXProject section */

/* Begin PBXSourcesBuildPhase section */
		846EB13D1E7256DF001A529F /* Sources */ = {
			isa = PBXSourcesBuildPhase;
			buildActionMask = 2147483647;
			files = (
				846EB15C1E726F92001A529F /* LabListMain.cpp in Sources */,
				846EB1591E725855001A529F /* LabListP.cpp in Sources */,
				846EB1561E7257F4001A529F /* SortedLabList.cpp in Sources */,
			);
			runOnlyForDeploymentPostprocessing = 0;
		};
/* End PBXSourcesBuildPhase section */

/* Begin XCBuildConfiguration section */
		846EB1461E7256DF001A529F /* Debug */ = {
			isa = XCBuildConfiguration;
			buildSettings = {
				ALWAYS_SEARCH_USER_PATHS = NO;
				CLANG_ANALYZER_NONNULL = YES;
				CLANG_CXX_LANGUAGE_STANDARD = "gnu++0x";
				CLANG_CXX_LIBRARY = "libc++";
				CLANG_ENABLE_MODULES = YES;
				CLANG_ENABLE_OBJC_ARC = YES;
				CLANG_WARN_BOOL_CONVERSION = YES;
				CLANG_WARN_CONSTANT_CONVERSION = YES;
				CLANG_WARN_DIRECT_OBJC_ISA_USAGE = YES_ERROR;
				CLANG_WARN_DOCUMENTATION_COMMENTS = YES;
				CLANG_WARN_EMPTY_BODY = YES;
				CLANG_WARN_ENUM_CONVERSION = YES;
				CLANG_WARN_INFINITE_RECURSION = YES;
				CLANG_WARN_INT_CONVERSION = YES;
				CLANG_WARN_OBJC_ROOT_CLASS = YES_ERROR;
				CLANG_WARN_SUSPICIOUS_MOVE = YES;
				CLANG_WARN_UNREACHABLE_CODE = YES;
				CLANG_WARN__DUPLICATE_METHOD_MATCH = YES;
				CODE_SIGN_IDENTITY = "-";
				COPY_PHASE_STRIP = NO;
				DEBUG_INFORMATION_FORMAT = dwarf;
				ENABLE_STRICT_OBJC_MSGSEND = YES;
				ENABLE_TESTABILITY = YES;
				GCC_C_LANGUAGE_STANDARD = gnu99;
				GCC_DYNAMIC_NO_PIC = NO;
				GCC_NO_COMMON_BLOCKS = YES;
				GCC_OPTIMIZATION_LEVEL = 0;
				GCC_PREPROCESSOR_DEFINITIONS = (
					"DEBUG=1",
					"$(inherited)",
				);
				GCC_WARN_64_TO_32_BIT_CONVERSION = YES;
				GCC_WARN_ABOUT_RETURN_TYPE = YES_ERROR;
				GCC_WARN_UNDECLARED_SELECTOR = YES;
				GCC_WARN_UNINITIALIZED_AUTOS = YES_AGGRESSIVE;
				GCC_WARN_UNUSED_FUNCTION = YES;
				GCC_WARN_UNUSED_VARIABLE = YES;
				MACOSX_DEPLOYMENT_TARGET = 10.12;
				MTL_ENABLE_DEBUG_INFO = YES;
				ONLY_ACTIVE_ARCH = YES;
				SDKROOT = macosx;
			};
			name = Debug;
		};
		846EB1471E7256DF001A529F /* Release */ = {
			isa = XCBuildConfiguration;
			buildSettings = {
				ALWAYS_SEARCH_USER_PATHS = NO;
				CLANG_ANALYZER_NONNULL = YES;
				CLANG_CXX_LANGUAGE_STANDARD = "gnu++0x";
				CLANG_CXX_LIBRARY = "libc++";
				CLANG_ENABLE_MODULES = YES;
				CLANG_ENABLE_OBJC_ARC = YES;
				CLANG_WARN_BOOL_CONVERSION = YES;
				CLANG_WARN_CONSTANT_CONVERSION = YES;
				CLANG_WARN_DIRECT_OBJC_ISA_USAGE = YES_ERROR;
				CLANG_WARN_DOCUMENTATION_COMMENTS = YES;
				CLANG_WARN_EMPTY_BODY = YES;
				CLANG_WARN_ENUM_CONVERSION = YES;
				CLANG_WARN_INFINITE_RECURSION = YES;
				CLANG_WARN_INT_CONVERSION = YES;
				CLANG_WARN_OBJC_ROOT_CLASS = YES_ERROR;
				CLANG_WARN_SUSPICIOUS_MOVE = YES;
				CLANG_WARN_UNREACHABLE_CODE = YES;
				CLANG_WARN__DUPLICATE_METHOD_MATCH = YES;
				CODE_SIGN_IDENTITY = "-";
				COPY_PHASE_STRIP = NO;
				DEBUG_INFORMATION_FORMAT = "dwarf-with-dsym";
				ENABLE_NS_ASSERTIONS = NO;
				ENABLE_STRICT_OBJC_MSGSEND = YES;
				GCC_C_LANGUAGE_STANDARD = gnu99;
				GCC_NO_COMMON_BLOCKS = YES;
				GCC_WARN_64_TO_32_BIT_CONVERSION = YES;
				GCC_WARN_ABOUT_RETURN_TYPE = YES_ERROR;
				GCC_WARN_UNDECLARED_SELECTOR = YES;
				GCC_WARN_UNINITIALIZED_AUTOS = YES_AGGRESSIVE;
				GCC_WARN_UNUSED_FUNCTION = YES;
				GCC_WARN_UNUSED_VARIABLE = YES;
				MACOSX_DEPLOYMENT_TARGET = 10.12;
				MTL_ENABLE_DEBUG_INFO = NO;
				SDKROOT = macosx;
			};
			name = Release;
		};
		846EB1491E7256DF001A529F /* Debug */ = {
			isa = XCBuildConfiguration;
			buildSettings = {
				PRODUCT_NAME = "$(TARGET_NAME)";
			};
			name = Debug;
		};
		846EB14A1E7256DF001A529F /* Release */ = {
			isa = XCBuildConfiguration;
			buildSettings = {
				PRODUCT_NAME = "$(TARGET_NAME)";
			};
			name = Release;
		};
/* End XCBuildConfiguration section */

/* Begin XCConfigurationList section */
		846EB13C1E7256DF001A529F /* Build configuration list for PBXProject "Homework7" */ = {
			isa = XCConfigurationList;
			buildConfigurations = (
				846EB1461E7256DF001A529F /* Debug */,
				846EB1471E7256DF001A529F /* Release */,
			);
			defaultConfigurationIsVisible = 0;
			defaultConfigurationName = Release;
		};
		846EB1481E7256DF001A529F /* Build configuration list for PBXNativeTarget "Homework7" */ = {
			isa = XCConfigurationList;
			buildConfigurations = (
				846EB1491E7256DF001A529F /* Debug */,
				846EB14A1E7256DF001A529F /* Release */,
			);
			defaultConfigurationIsVisible = 0;
		};
/* End XCConfigurationList section */
	};
	rootObject = 846EB1391E7256DF001A529F /* Project object */;
}
